
Microsoft Visual Studio Solution File, Format Version 12.00
# Visual Studio Version 17
VisualStudioVersion = 17.14.36623.8
MinimumVisualStudioVersion = 10.0.40219.1
Project("{FAE04EC0-301F-11D3-BF4B-00C04F79EFBC}") = "ECommerceApp", "ECommerceApp\ECommerceApp.csproj", "{16AFE7B3-D57F-44F0-81A7-5E056F5669C8}"
EndProject
Project("{FAE04EC0-301F-11D3-BF4B-00C04F79EFBC}") = "Core", "Core\Core.csproj", "{EFC997D4-836C-478A-B434-B6CE15BEF47F}"
EndProject
Project("{FAE04EC0-301F-11D3-BF4B-00C04F79EFBC}") = "Tests", "Tests\Tests.csproj", "{0F928D6F-A8A7-46AC-9719-A62B7F58983E}"
EndProject
Global
	GlobalSection(SolutionConfigurationPlatforms) = preSolution
		Debug|Any CPU = Debug|Any CPU
		Release|Any CPU = Release|Any CPU
	EndGlobalSection
	GlobalSection(ProjectConfigurationPlatforms) = postSolution
		{16AFE7B3-D57F-44F0-81A7-5E056F5669C8}.Debug|Any CPU.ActiveCfg = Debug|Any CPU
		{16AFE7B3-D57F-44F0-81A7-5E056F5669C8}.Debug|Any CPU.Build.0 = Debug|Any CPU
		{16AFE7B3-D57F-44F0-81A7-5E056F5669C8}.Release|Any CPU.ActiveCfg = Release|Any CPU
		{16AFE7B3-D57F-44F0-81A7-5E056F5669C8}.Release|Any CPU.Build.0 = Release|Any CPU
		{EFC997D4-836C-478A-B434-B6CE15BEF47F}.Debug|Any CPU.ActiveCfg = Debug|Any CPU
		{EFC997D4-836C-478A-B434-B6CE15BEF47F}.Debug|Any CPU.Build.0 = Debug|Any CPU
		{EFC997D4-836C-478A-B434-B6CE15BEF47F}.Release|Any CPU.ActiveCfg = Release|Any CPU
		{EFC997D4-836C-478A-B434-B6CE15BEF47F}.Release|Any CPU.Build.0 = Release|Any CPU
		{0F928D6F-A8A7-46AC-9719-A62B7F58983E}.Debug|Any CPU.ActiveCfg = Debug|Any CPU
		{0F928D6F-A8A7-46AC-9719-A62B7F58983E}.Debug|Any CPU.Build.0 = Debug|Any CPU
		{0F928D6F-A8A7-46AC-9719-A62B7F58983E}.Release|Any CPU.ActiveCfg = Release|Any CPU
		{0F928D6F-A8A7-46AC-9719-A62B7F58983E}.Release|Any CPU.Build.0 = Release|Any CPU
	EndGlobalSection
	GlobalSection(SolutionProperties) = preSolution
		HideSolutionNode = FALSE
	EndGlobalSection
	GlobalSection(ExtensibilityGlobals) = postSolution
		SolutionGuid = {95185FCB-98F4-44FB-AE56-F9F08C7D764B}
	EndGlobalSection
EndGlobal
